// !$*UTF8*$!
{
	archiveVersion = 1;
	classes = {
	};
	objectVersion = 48;
	objects = {

/* Begin PBXBuildFile section */
		033604AA1FAAA98E00A0E500 /* AppDelegate.swift in Sources */ = {isa = PBXBuildFile; fileRef = 033604A91FAAA98E00A0E500 /* AppDelegate.swift */; };
		033604AF1FAAA98E00A0E500 /* Main.storyboard in Resources */ = {isa = PBXBuildFile; fileRef = 033604AD1FAAA98E00A0E500 /* Main.storyboard */; };
		033604B11FAAA98E00A0E500 /* Assets.xcassets in Resources */ = {isa = PBXBuildFile; fileRef = 033604B01FAAA98E00A0E500 /* Assets.xcassets */; };
		033604B41FAAA98E00A0E500 /* LaunchScreen.storyboard in Resources */ = {isa = PBXBuildFile; fileRef = 033604B21FAAA98E00A0E500 /* LaunchScreen.storyboard */; };
		033604BC1FAAAB3700A0E500 /* Podfile in Resources */ = {isa = PBXBuildFile; fileRef = 033604BB1FAAAB3700A0E500 /* Podfile */; };
		316AE0F61FAE1D9C0013260D /* EventStore.swift in Sources */ = {isa = PBXBuildFile; fileRef = 316AE0F51FAE1D9C0013260D /* EventStore.swift */; };
		316AE0F91FAE26650013260D /* EventDetailController.storyboard in Resources */ = {isa = PBXBuildFile; fileRef = 316AE0F81FAE26650013260D /* EventDetailController.storyboard */; };
		316AE0FB1FAE2E100013260D /* EventListController.swift in Sources */ = {isa = PBXBuildFile; fileRef = 316AE0FA1FAE2E100013260D /* EventListController.swift */; };
		316AE0FD1FAE2E800013260D /* EventDetailController.swift in Sources */ = {isa = PBXBuildFile; fileRef = 316AE0FC1FAE2E800013260D /* EventDetailController.swift */; };
		316AE0FF1FAE2EB50013260D /* EventListController.storyboard in Resources */ = {isa = PBXBuildFile; fileRef = 316AE0FE1FAE2EB50013260D /* EventListController.storyboard */; };
		316AE1031FAE33230013260D /* EventListCell.swift in Sources */ = {isa = PBXBuildFile; fileRef = 316AE1021FAE33230013260D /* EventListCell.swift */; };
		316AE1071FAE336D0013260D /* LoadingCell.swift in Sources */ = {isa = PBXBuildFile; fileRef = 316AE1061FAE336D0013260D /* LoadingCell.swift */; };
		316AE1091FAE33880013260D /* LoadingCell.xib in Resources */ = {isa = PBXBuildFile; fileRef = 316AE1081FAE33880013260D /* LoadingCell.xib */; };
		316AE1111FAE33B40013260D /* NibLoadable.swift in Sources */ = {isa = PBXBuildFile; fileRef = 316AE10B1FAE33B40013260D /* NibLoadable.swift */; };
		316AE1121FAE33B40013260D /* NibOwnerLoadable.swift in Sources */ = {isa = PBXBuildFile; fileRef = 316AE10C1FAE33B40013260D /* NibOwnerLoadable.swift */; };
		316AE1131FAE33B40013260D /* Reusable.swift in Sources */ = {isa = PBXBuildFile; fileRef = 316AE10D1FAE33B40013260D /* Reusable.swift */; };
		316AE1141FAE33B40013260D /* StoryboardBased.swift in Sources */ = {isa = PBXBuildFile; fileRef = 316AE10E1FAE33B40013260D /* StoryboardBased.swift */; };
		316AE1151FAE33B40013260D /* UICollectionView+Reusable.swift in Sources */ = {isa = PBXBuildFile; fileRef = 316AE10F1FAE33B40013260D /* UICollectionView+Reusable.swift */; };
		316AE1161FAE33B40013260D /* UITableView+Reusable.swift in Sources */ = {isa = PBXBuildFile; fileRef = 316AE1101FAE33B40013260D /* UITableView+Reusable.swift */; };
		316AE1191FAE353B0013260D /* ErrorCell.xib in Resources */ = {isa = PBXBuildFile; fileRef = 316AE1181FAE353B0013260D /* ErrorCell.xib */; };
		316AE11B1FAE35430013260D /* ErrorCell.swift in Sources */ = {isa = PBXBuildFile; fileRef = 316AE11A1FAE35430013260D /* ErrorCell.swift */; };
		316AE11F1FAE38070013260D /* EventListCell.xib in Resources */ = {isa = PBXBuildFile; fileRef = 316AE11E1FAE38070013260D /* EventListCell.xib */; };
		31A5CFAC1FAD55630050FD37 /* Event.swift in Sources */ = {isa = PBXBuildFile; fileRef = 31A5CFAB1FAD55630050FD37 /* Event.swift */; };
		31A5CFAE1FAD556F0050FD37 /* API.swift in Sources */ = {isa = PBXBuildFile; fileRef = 31A5CFAD1FAD556F0050FD37 /* API.swift */; };
		31A5CFB01FAD67920050FD37 /* Models.swift in Sources */ = {isa = PBXBuildFile; fileRef = 31A5CFAF1FAD67920050FD37 /* Models.swift */; };
		31A5CFB31FAD69040050FD37 /* Endpoints.swift in Sources */ = {isa = PBXBuildFile; fileRef = 31A5CFB21FAD69040050FD37 /* Endpoints.swift */; };
		31A5CFB51FAD69340050FD37 /* Events.swift in Sources */ = {isa = PBXBuildFile; fileRef = 31A5CFB41FAD69340050FD37 /* Events.swift */; };
		A8A5A52D9BBF6EAC46EE4F46 /* Pods_AvenueForTheArts.framework in Frameworks */ = {isa = PBXBuildFile; fileRef = D28BD268B54951870B37F1A8 /* Pods_AvenueForTheArts.framework */; };
		DB2655FC1FAE46750099F5DB /* MapController.storyboard in Resources */ = {isa = PBXBuildFile; fileRef = DB2655FB1FAE46750099F5DB /* MapController.storyboard */; };
		DB2655FE1FAE46850099F5DB /* MapController.swift in Sources */ = {isa = PBXBuildFile; fileRef = DB2655FD1FAE46850099F5DB /* MapController.swift */; };
		DB3827361FAE5C900022F914 /* TabBarController.swift in Sources */ = {isa = PBXBuildFile; fileRef = DB3827351FAE5C900022F914 /* TabBarController.swift */; };
/* End PBXBuildFile section */

/* Begin PBXFileReference section */
		033604A61FAAA98E00A0E500 /* AvenueForTheArts.app */ = {isa = PBXFileReference; explicitFileType = wrapper.application; includeInIndex = 0; path = AvenueForTheArts.app; sourceTree = BUILT_PRODUCTS_DIR; };
		033604A91FAAA98E00A0E500 /* AppDelegate.swift */ = {isa = PBXFileReference; lastKnownFileType = sourcecode.swift; path = AppDelegate.swift; sourceTree = "<group>"; };
		033604AE1FAAA98E00A0E500 /* Base */ = {isa = PBXFileReference; lastKnownFileType = file.storyboard; name = Base; path = Base.lproj/Main.storyboard; sourceTree = "<group>"; };
		033604B01FAAA98E00A0E500 /* Assets.xcassets */ = {isa = PBXFileReference; lastKnownFileType = folder.assetcatalog; path = Assets.xcassets; sourceTree = "<group>"; };
		033604B31FAAA98E00A0E500 /* Base */ = {isa = PBXFileReference; lastKnownFileType = file.storyboard; name = Base; path = Base.lproj/LaunchScreen.storyboard; sourceTree = "<group>"; };
		033604B51FAAA98E00A0E500 /* Info.plist */ = {isa = PBXFileReference; lastKnownFileType = text.plist.xml; path = Info.plist; sourceTree = "<group>"; };
		033604BB1FAAAB3700A0E500 /* Podfile */ = {isa = PBXFileReference; fileEncoding = 4; lastKnownFileType = text; path = Podfile; sourceTree = SOURCE_ROOT; xcLanguageSpecificationIdentifier = xcode.lang.ruby; };
		1AF6BD00CD80F2491A374D39 /* Pods-AvenueForTheArts.debug.xcconfig */ = {isa = PBXFileReference; includeInIndex = 1; lastKnownFileType = text.xcconfig; name = "Pods-AvenueForTheArts.debug.xcconfig"; path = "Pods/Target Support Files/Pods-AvenueForTheArts/Pods-AvenueForTheArts.debug.xcconfig"; sourceTree = "<group>"; };
		316AE0F51FAE1D9C0013260D /* EventStore.swift */ = {isa = PBXFileReference; lastKnownFileType = sourcecode.swift; path = EventStore.swift; sourceTree = "<group>"; };
		316AE0F81FAE26650013260D /* EventDetailController.storyboard */ = {isa = PBXFileReference; lastKnownFileType = file.storyboard; path = EventDetailController.storyboard; sourceTree = "<group>"; };
		316AE0FA1FAE2E100013260D /* EventListController.swift */ = {isa = PBXFileReference; lastKnownFileType = sourcecode.swift; path = EventListController.swift; sourceTree = "<group>"; };
		316AE0FC1FAE2E800013260D /* EventDetailController.swift */ = {isa = PBXFileReference; lastKnownFileType = sourcecode.swift; path = EventDetailController.swift; sourceTree = "<group>"; };
		316AE0FE1FAE2EB50013260D /* EventListController.storyboard */ = {isa = PBXFileReference; lastKnownFileType = file.storyboard; path = EventListController.storyboard; sourceTree = "<group>"; };
		316AE1021FAE33230013260D /* EventListCell.swift */ = {isa = PBXFileReference; lastKnownFileType = sourcecode.swift; path = EventListCell.swift; sourceTree = "<group>"; };
		316AE1061FAE336D0013260D /* LoadingCell.swift */ = {isa = PBXFileReference; lastKnownFileType = sourcecode.swift; path = LoadingCell.swift; sourceTree = "<group>"; };
		316AE1081FAE33880013260D /* LoadingCell.xib */ = {isa = PBXFileReference; lastKnownFileType = file.xib; path = LoadingCell.xib; sourceTree = "<group>"; };
		316AE10B1FAE33B40013260D /* NibLoadable.swift */ = {isa = PBXFileReference; fileEncoding = 4; lastKnownFileType = sourcecode.swift; path = NibLoadable.swift; sourceTree = "<group>"; };
		316AE10C1FAE33B40013260D /* NibOwnerLoadable.swift */ = {isa = PBXFileReference; fileEncoding = 4; lastKnownFileType = sourcecode.swift; path = NibOwnerLoadable.swift; sourceTree = "<group>"; };
		316AE10D1FAE33B40013260D /* Reusable.swift */ = {isa = PBXFileReference; fileEncoding = 4; lastKnownFileType = sourcecode.swift; path = Reusable.swift; sourceTree = "<group>"; };
		316AE10E1FAE33B40013260D /* StoryboardBased.swift */ = {isa = PBXFileReference; fileEncoding = 4; lastKnownFileType = sourcecode.swift; path = StoryboardBased.swift; sourceTree = "<group>"; };
		316AE10F1FAE33B40013260D /* UICollectionView+Reusable.swift */ = {isa = PBXFileReference; fileEncoding = 4; lastKnownFileType = sourcecode.swift; path = "UICollectionView+Reusable.swift"; sourceTree = "<group>"; };
		316AE1101FAE33B40013260D /* UITableView+Reusable.swift */ = {isa = PBXFileReference; fileEncoding = 4; lastKnownFileType = sourcecode.swift; path = "UITableView+Reusable.swift"; sourceTree = "<group>"; };
		316AE1181FAE353B0013260D /* ErrorCell.xib */ = {isa = PBXFileReference; lastKnownFileType = file.xib; path = ErrorCell.xib; sourceTree = "<group>"; };
		316AE11A1FAE35430013260D /* ErrorCell.swift */ = {isa = PBXFileReference; lastKnownFileType = sourcecode.swift; path = ErrorCell.swift; sourceTree = "<group>"; };
		316AE11E1FAE38070013260D /* EventListCell.xib */ = {isa = PBXFileReference; lastKnownFileType = file.xib; path = EventListCell.xib; sourceTree = "<group>"; };
		31A5CFAB1FAD55630050FD37 /* Event.swift */ = {isa = PBXFileReference; lastKnownFileType = sourcecode.swift; path = Event.swift; sourceTree = "<group>"; };
		31A5CFAD1FAD556F0050FD37 /* API.swift */ = {isa = PBXFileReference; lastKnownFileType = sourcecode.swift; path = API.swift; sourceTree = "<group>"; };
		31A5CFAF1FAD67920050FD37 /* Models.swift */ = {isa = PBXFileReference; lastKnownFileType = sourcecode.swift; path = Models.swift; sourceTree = "<group>"; };
		31A5CFB21FAD69040050FD37 /* Endpoints.swift */ = {isa = PBXFileReference; lastKnownFileType = sourcecode.swift; path = Endpoints.swift; sourceTree = "<group>"; };
		31A5CFB41FAD69340050FD37 /* Events.swift */ = {isa = PBXFileReference; lastKnownFileType = sourcecode.swift; path = Events.swift; sourceTree = "<group>"; };
		A6C29C289B14623C6EC12C3F /* Pods-AvenueForTheArts.release.xcconfig */ = {isa = PBXFileReference; includeInIndex = 1; lastKnownFileType = text.xcconfig; name = "Pods-AvenueForTheArts.release.xcconfig"; path = "Pods/Target Support Files/Pods-AvenueForTheArts/Pods-AvenueForTheArts.release.xcconfig"; sourceTree = "<group>"; };
		D28BD268B54951870B37F1A8 /* Pods_AvenueForTheArts.framework */ = {isa = PBXFileReference; explicitFileType = wrapper.framework; includeInIndex = 0; path = Pods_AvenueForTheArts.framework; sourceTree = BUILT_PRODUCTS_DIR; };
		DB2655FB1FAE46750099F5DB /* MapController.storyboard */ = {isa = PBXFileReference; lastKnownFileType = file.storyboard; path = MapController.storyboard; sourceTree = "<group>"; };
		DB2655FD1FAE46850099F5DB /* MapController.swift */ = {isa = PBXFileReference; lastKnownFileType = sourcecode.swift; path = MapController.swift; sourceTree = "<group>"; };
		DB3827351FAE5C900022F914 /* TabBarController.swift */ = {isa = PBXFileReference; lastKnownFileType = sourcecode.swift; path = TabBarController.swift; sourceTree = "<group>"; };
/* End PBXFileReference section */

/* Begin PBXFrameworksBuildPhase section */
		033604A31FAAA98E00A0E500 /* Frameworks */ = {
			isa = PBXFrameworksBuildPhase;
			buildActionMask = 2147483647;
			files = (
				A8A5A52D9BBF6EAC46EE4F46 /* Pods_AvenueForTheArts.framework in Frameworks */,
			);
			runOnlyForDeploymentPostprocessing = 0;
		};
/* End PBXFrameworksBuildPhase section */

/* Begin PBXGroup section */
		0336049D1FAAA98E00A0E500 = {
			isa = PBXGroup;
			children = (
				033604BB1FAAAB3700A0E500 /* Podfile */,
				033604A81FAAA98E00A0E500 /* AvenueForTheArts */,
				033604A71FAAA98E00A0E500 /* Products */,
				8CD06B952FB7465B85B4A7F7 /* Pods */,
				A8B2518AEFF79FD325CBF5D1 /* Frameworks */,
			);
			sourceTree = "<group>";
		};
		033604A71FAAA98E00A0E500 /* Products */ = {
			isa = PBXGroup;
			children = (
				033604A61FAAA98E00A0E500 /* AvenueForTheArts.app */,
			);
			name = Products;
			sourceTree = "<group>";
		};
		033604A81FAAA98E00A0E500 /* AvenueForTheArts */ = {
			isa = PBXGroup;
			children = (
				316AE1171FAE33B70013260D /* Extensions */,
				316AE0F71FAE26530013260D /* UI */,
				316AE0F41FAE1D8D0013260D /* Store */,
				31A5CFA91FAD552C0050FD37 /* API */,
				033604A91FAAA98E00A0E500 /* AppDelegate.swift */,
				033604B01FAAA98E00A0E500 /* Assets.xcassets */,
				033604B21FAAA98E00A0E500 /* LaunchScreen.storyboard */,
				033604B51FAAA98E00A0E500 /* Info.plist */,
			);
			path = AvenueForTheArts;
			sourceTree = "<group>";
		};
		316AE0F41FAE1D8D0013260D /* Store */ = {
			isa = PBXGroup;
			children = (
				316AE0F51FAE1D9C0013260D /* EventStore.swift */,
			);
			path = Store;
			sourceTree = "<group>";
		};
		316AE0F71FAE26530013260D /* UI */ = {
			isa = PBXGroup;
			children = (
				DB2655FA1FAE3FF10099F5DB /* Map */,
				316AE1041FAE335C0013260D /* Common */,
				316AE1001FAE32FA0013260D /* Events */,
				033604AD1FAAA98E00A0E500 /* Main.storyboard */,
				DB3827351FAE5C900022F914 /* TabBarController.swift */,
			);
			path = UI;
			sourceTree = "<group>";
		};
		316AE1001FAE32FA0013260D /* Events */ = {
			isa = PBXGroup;
			children = (
				316AE0FC1FAE2E800013260D /* EventDetailController.swift */,
				316AE0F81FAE26650013260D /* EventDetailController.storyboard */,
				316AE0FA1FAE2E100013260D /* EventListController.swift */,
				316AE0FE1FAE2EB50013260D /* EventListController.storyboard */,
				316AE1011FAE33040013260D /* Cells */,
			);
			path = Events;
			sourceTree = "<group>";
		};
		316AE1011FAE33040013260D /* Cells */ = {
			isa = PBXGroup;
			children = (
				316AE1021FAE33230013260D /* EventListCell.swift */,
				316AE11E1FAE38070013260D /* EventListCell.xib */,
			);
			path = Cells;
			sourceTree = "<group>";
		};
		316AE1041FAE335C0013260D /* Common */ = {
			isa = PBXGroup;
			children = (
				316AE1051FAE33610013260D /* Cells */,
			);
			path = Common;
			sourceTree = "<group>";
		};
		316AE1051FAE33610013260D /* Cells */ = {
			isa = PBXGroup;
			children = (
				316AE1061FAE336D0013260D /* LoadingCell.swift */,
				316AE1081FAE33880013260D /* LoadingCell.xib */,
				316AE11A1FAE35430013260D /* ErrorCell.swift */,
				316AE1181FAE353B0013260D /* ErrorCell.xib */,
			);
			path = Cells;
			sourceTree = "<group>";
		};
		316AE10A1FAE33B40013260D /* Reusable */ = {
			isa = PBXGroup;
			children = (
				316AE10B1FAE33B40013260D /* NibLoadable.swift */,
				316AE10C1FAE33B40013260D /* NibOwnerLoadable.swift */,
				316AE10D1FAE33B40013260D /* Reusable.swift */,
				316AE10E1FAE33B40013260D /* StoryboardBased.swift */,
				316AE10F1FAE33B40013260D /* UICollectionView+Reusable.swift */,
				316AE1101FAE33B40013260D /* UITableView+Reusable.swift */,
			);
			path = Reusable;
			sourceTree = "<group>";
		};
		316AE1171FAE33B70013260D /* Extensions */ = {
			isa = PBXGroup;
			children = (
				316AE10A1FAE33B40013260D /* Reusable */,
			);
			path = Extensions;
			sourceTree = "<group>";
		};
		31A5CFA91FAD552C0050FD37 /* API */ = {
			isa = PBXGroup;
			children = (
				31A5CFB11FAD68F20050FD37 /* Endpoints */,
				31A5CFAA1FAD55460050FD37 /* Models */,
				31A5CFAD1FAD556F0050FD37 /* API.swift */,
			);
			path = API;
			sourceTree = "<group>";
		};
		31A5CFAA1FAD55460050FD37 /* Models */ = {
			isa = PBXGroup;
			children = (
				31A5CFAF1FAD67920050FD37 /* Models.swift */,
				31A5CFAB1FAD55630050FD37 /* Event.swift */,
			);
			path = Models;
			sourceTree = "<group>";
		};
		31A5CFB11FAD68F20050FD37 /* Endpoints */ = {
			isa = PBXGroup;
			children = (
				31A5CFB21FAD69040050FD37 /* Endpoints.swift */,
				31A5CFB41FAD69340050FD37 /* Events.swift */,
			);
			path = Endpoints;
			sourceTree = "<group>";
		};
		8CD06B952FB7465B85B4A7F7 /* Pods */ = {
			isa = PBXGroup;
			children = (
				1AF6BD00CD80F2491A374D39 /* Pods-AvenueForTheArts.debug.xcconfig */,
				A6C29C289B14623C6EC12C3F /* Pods-AvenueForTheArts.release.xcconfig */,
			);
			name = Pods;
			sourceTree = "<group>";
		};
		A8B2518AEFF79FD325CBF5D1 /* Frameworks */ = {
			isa = PBXGroup;
			children = (
				D28BD268B54951870B37F1A8 /* Pods_AvenueForTheArts.framework */,
			);
			name = Frameworks;
			sourceTree = "<group>";
		};
		DB2655FA1FAE3FF10099F5DB /* Map */ = {
			isa = PBXGroup;
			children = (
				DB2655FB1FAE46750099F5DB /* MapController.storyboard */,
				DB2655FD1FAE46850099F5DB /* MapController.swift */,
			);
			path = Map;
			sourceTree = "<group>";
		};
/* End PBXGroup section */

/* Begin PBXNativeTarget section */
		033604A51FAAA98E00A0E500 /* AvenueForTheArts */ = {
			isa = PBXNativeTarget;
			buildConfigurationList = 033604B81FAAA98E00A0E500 /* Build configuration list for PBXNativeTarget "AvenueForTheArts" */;
			buildPhases = (
				678FA58282FBB29FCADD2392 /* [CP] Check Pods Manifest.lock */,
				033604A21FAAA98E00A0E500 /* Sources */,
				033604A31FAAA98E00A0E500 /* Frameworks */,
				033604A41FAAA98E00A0E500 /* Resources */,
				7BB626863A25E8B2DA46B4E6 /* [CP] Embed Pods Frameworks */,
				6905F42F20C5D2ACD6B4B122 /* [CP] Copy Pods Resources */,
				033604C91FAAB10700A0E500 /* Crashlytics */,
			);
			buildRules = (
			);
			dependencies = (
			);
			name = AvenueForTheArts;
			productName = AvenueForTheArts;
			productReference = 033604A61FAAA98E00A0E500 /* AvenueForTheArts.app */;
			productType = "com.apple.product-type.application";
		};
/* End PBXNativeTarget section */

/* Begin PBXProject section */
		0336049E1FAAA98E00A0E500 /* Project object */ = {
			isa = PBXProject;
			attributes = {
				LastSwiftUpdateCheck = 0910;
				LastUpgradeCheck = 0910;
				ORGANIZATIONNAME = MichiganLabs;
				TargetAttributes = {
					033604A51FAAA98E00A0E500 = {
						CreatedOnToolsVersion = 9.1;
						ProvisioningStyle = Automatic;
						SystemCapabilities = {
							com.apple.BackgroundModes = {
								enabled = 0;
							};
						};
					};
				};
			};
			buildConfigurationList = 033604A11FAAA98E00A0E500 /* Build configuration list for PBXProject "AvenueForTheArts" */;
			compatibilityVersion = "Xcode 8.0";
			developmentRegion = en;
			hasScannedForEncodings = 0;
			knownRegions = (
				en,
				Base,
			);
			mainGroup = 0336049D1FAAA98E00A0E500;
			productRefGroup = 033604A71FAAA98E00A0E500 /* Products */;
			projectDirPath = "";
			projectRoot = "";
			targets = (
				033604A51FAAA98E00A0E500 /* AvenueForTheArts */,
			);
		};
/* End PBXProject section */

/* Begin PBXResourcesBuildPhase section */
		033604A41FAAA98E00A0E500 /* Resources */ = {
			isa = PBXResourcesBuildPhase;
			buildActionMask = 2147483647;
			files = (
				316AE1191FAE353B0013260D /* ErrorCell.xib in Resources */,
				316AE1091FAE33880013260D /* LoadingCell.xib in Resources */,
				033604B41FAAA98E00A0E500 /* LaunchScreen.storyboard in Resources */,
				DB2655FC1FAE46750099F5DB /* MapController.storyboard in Resources */,
				316AE0F91FAE26650013260D /* EventDetailController.storyboard in Resources */,
				316AE11F1FAE38070013260D /* EventListCell.xib in Resources */,
				033604B11FAAA98E00A0E500 /* Assets.xcassets in Resources */,
				316AE0FF1FAE2EB50013260D /* EventListController.storyboard in Resources */,
				033604BC1FAAAB3700A0E500 /* Podfile in Resources */,
				033604AF1FAAA98E00A0E500 /* Main.storyboard in Resources */,
			);
			runOnlyForDeploymentPostprocessing = 0;
		};
/* End PBXResourcesBuildPhase section */

/* Begin PBXShellScriptBuildPhase section */
		033604C91FAAB10700A0E500 /* Crashlytics */ = {
			isa = PBXShellScriptBuildPhase;
			buildActionMask = 2147483647;
			files = (
			);
			inputPaths = (
			);
			name = Crashlytics;
			outputPaths = (
			);
			runOnlyForDeploymentPostprocessing = 0;
			shellPath = /bin/sh;
			shellScript = "\"${PODS_ROOT}/Fabric/run\" 7c15a90e316b94fd0281837b3feb1f0aca5e19e4 0a000af61d95531fb86353ba936c4e32c275695c60af64277213f8292f6614ab";
		};
		678FA58282FBB29FCADD2392 /* [CP] Check Pods Manifest.lock */ = {
			isa = PBXShellScriptBuildPhase;
			buildActionMask = 2147483647;
			files = (
			);
			inputPaths = (
				"${PODS_PODFILE_DIR_PATH}/Podfile.lock",
				"${PODS_ROOT}/Manifest.lock",
			);
			name = "[CP] Check Pods Manifest.lock";
			outputPaths = (
				"$(DERIVED_FILE_DIR)/Pods-AvenueForTheArts-checkManifestLockResult.txt",
			);
			runOnlyForDeploymentPostprocessing = 0;
			shellPath = /bin/sh;
			shellScript = "diff \"${PODS_PODFILE_DIR_PATH}/Podfile.lock\" \"${PODS_ROOT}/Manifest.lock\" > /dev/null\nif [ $? != 0 ] ; then\n    # print error to STDERR\n    echo \"error: The sandbox is not in sync with the Podfile.lock. Run 'pod install' or update your CocoaPods installation.\" >&2\n    exit 1\nfi\n# This output is used by Xcode 'outputs' to avoid re-running this script phase.\necho \"SUCCESS\" > \"${SCRIPT_OUTPUT_FILE_0}\"\n";
			showEnvVarsInLog = 0;
		};
		6905F42F20C5D2ACD6B4B122 /* [CP] Copy Pods Resources */ = {
			isa = PBXShellScriptBuildPhase;
			buildActionMask = 2147483647;
			files = (
			);
			inputPaths = (
				"${SRCROOT}/Pods/Target Support Files/Pods-AvenueForTheArts/Pods-AvenueForTheArts-resources.sh",
				$PODS_CONFIGURATION_BUILD_DIR/HockeySDK/HockeySDKResources.bundle,
			);
			name = "[CP] Copy Pods Resources";
			outputPaths = (
				"${TARGET_BUILD_DIR}/${UNLOCALIZED_RESOURCES_FOLDER_PATH}",
			);
			runOnlyForDeploymentPostprocessing = 0;
			shellPath = /bin/sh;
			shellScript = "\"${SRCROOT}/Pods/Target Support Files/Pods-AvenueForTheArts/Pods-AvenueForTheArts-resources.sh\"\n";
			showEnvVarsInLog = 0;
		};
		7BB626863A25E8B2DA46B4E6 /* [CP] Embed Pods Frameworks */ = {
			isa = PBXShellScriptBuildPhase;
			buildActionMask = 2147483647;
			files = (
			);
			inputPaths = (
				"${SRCROOT}/Pods/Target Support Files/Pods-AvenueForTheArts/Pods-AvenueForTheArts-frameworks.sh",
				"${BUILT_PRODUCTS_DIR}/Alamofire/Alamofire.framework",
				"${BUILT_PRODUCTS_DIR}/RxAlamofire/RxAlamofire.framework",
				"${BUILT_PRODUCTS_DIR}/RxCocoa/RxCocoa.framework",
				"${BUILT_PRODUCTS_DIR}/RxSwift/RxSwift.framework",
			);
			name = "[CP] Embed Pods Frameworks";
			outputPaths = (
				"${TARGET_BUILD_DIR}/${FRAMEWORKS_FOLDER_PATH}/Alamofire.framework",
				"${TARGET_BUILD_DIR}/${FRAMEWORKS_FOLDER_PATH}/RxAlamofire.framework",
				"${TARGET_BUILD_DIR}/${FRAMEWORKS_FOLDER_PATH}/RxCocoa.framework",
				"${TARGET_BUILD_DIR}/${FRAMEWORKS_FOLDER_PATH}/RxSwift.framework",
			);
			runOnlyForDeploymentPostprocessing = 0;
			shellPath = /bin/sh;
			shellScript = "\"${SRCROOT}/Pods/Target Support Files/Pods-AvenueForTheArts/Pods-AvenueForTheArts-frameworks.sh\"\n";
			showEnvVarsInLog = 0;
		};
/* End PBXShellScriptBuildPhase section */

/* Begin PBXSourcesBuildPhase section */
		033604A21FAAA98E00A0E500 /* Sources */ = {
			isa = PBXSourcesBuildPhase;
			buildActionMask = 2147483647;
			files = (
				31A5CFAE1FAD556F0050FD37 /* API.swift in Sources */,
				316AE1121FAE33B40013260D /* NibOwnerLoadable.swift in Sources */,
				31A5CFB31FAD69040050FD37 /* Endpoints.swift in Sources */,
				316AE0F61FAE1D9C0013260D /* EventStore.swift in Sources */,
				316AE1071FAE336D0013260D /* LoadingCell.swift in Sources */,
				31A5CFB01FAD67920050FD37 /* Models.swift in Sources */,
				316AE1161FAE33B40013260D /* UITableView+Reusable.swift in Sources */,
				316AE1131FAE33B40013260D /* Reusable.swift in Sources */,
				DB2655FE1FAE46850099F5DB /* MapController.swift in Sources */,
				31A5CFAC1FAD55630050FD37 /* Event.swift in Sources */,
				31A5CFB51FAD69340050FD37 /* Events.swift in Sources */,
				316AE0FD1FAE2E800013260D /* EventDetailController.swift in Sources */,
				316AE0FB1FAE2E100013260D /* EventListController.swift in Sources */,
				DB3827361FAE5C900022F914 /* TabBarController.swift in Sources */,
				316AE1111FAE33B40013260D /* NibLoadable.swift in Sources */,
				316AE1031FAE33230013260D /* EventListCell.swift in Sources */,
				316AE11B1FAE35430013260D /* ErrorCell.swift in Sources */,
				316AE1151FAE33B40013260D /* UICollectionView+Reusable.swift in Sources */,
				316AE1141FAE33B40013260D /* StoryboardBased.swift in Sources */,
				033604AA1FAAA98E00A0E500 /* AppDelegate.swift in Sources */,
			);
			runOnlyForDeploymentPostprocessing = 0;
		};
/* End PBXSourcesBuildPhase section */

/* Begin PBXVariantGroup section */
		033604AD1FAAA98E00A0E500 /* Main.storyboard */ = {
			isa = PBXVariantGroup;
			children = (
				033604AE1FAAA98E00A0E500 /* Base */,
			);
			name = Main.storyboard;
			sourceTree = "<group>";
		};
		033604B21FAAA98E00A0E500 /* LaunchScreen.storyboard */ = {
			isa = PBXVariantGroup;
			children = (
				033604B31FAAA98E00A0E500 /* Base */,
			);
			name = LaunchScreen.storyboard;
			sourceTree = "<group>";
		};
/* End PBXVariantGroup section */

/* Begin XCBuildConfiguration section */
		033604B61FAAA98E00A0E500 /* Debug */ = {
			isa = XCBuildConfiguration;
			buildSettings = {
				ALWAYS_SEARCH_USER_PATHS = NO;
				CLANG_ANALYZER_NONNULL = YES;
				CLANG_ANALYZER_NUMBER_OBJECT_CONVERSION = YES_AGGRESSIVE;
				CLANG_CXX_LANGUAGE_STANDARD = "gnu++14";
				CLANG_CXX_LIBRARY = "libc++";
				CLANG_ENABLE_MODULES = YES;
				CLANG_ENABLE_OBJC_ARC = YES;
				CLANG_WARN_BLOCK_CAPTURE_AUTORELEASING = YES;
				CLANG_WARN_BOOL_CONVERSION = YES;
				CLANG_WARN_COMMA = YES;
				CLANG_WARN_CONSTANT_CONVERSION = YES;
				CLANG_WARN_DIRECT_OBJC_ISA_USAGE = YES_ERROR;
				CLANG_WARN_DOCUMENTATION_COMMENTS = YES;
				CLANG_WARN_EMPTY_BODY = YES;
				CLANG_WARN_ENUM_CONVERSION = YES;
				CLANG_WARN_INFINITE_RECURSION = YES;
				CLANG_WARN_INT_CONVERSION = YES;
				CLANG_WARN_NON_LITERAL_NULL_CONVERSION = YES;
				CLANG_WARN_OBJC_LITERAL_CONVERSION = YES;
				CLANG_WARN_OBJC_ROOT_CLASS = YES_ERROR;
				CLANG_WARN_RANGE_LOOP_ANALYSIS = YES;
				CLANG_WARN_STRICT_PROTOTYPES = YES;
				CLANG_WARN_SUSPICIOUS_MOVE = YES;
				CLANG_WARN_UNGUARDED_AVAILABILITY = YES_AGGRESSIVE;
				CLANG_WARN_UNREACHABLE_CODE = YES;
				CLANG_WARN__DUPLICATE_METHOD_MATCH = YES;
				CODE_SIGN_IDENTITY = "iPhone Developer";
				COPY_PHASE_STRIP = NO;
				DEBUG_INFORMATION_FORMAT = dwarf;
				ENABLE_STRICT_OBJC_MSGSEND = YES;
				ENABLE_TESTABILITY = YES;
				GCC_C_LANGUAGE_STANDARD = gnu11;
				GCC_DYNAMIC_NO_PIC = NO;
				GCC_NO_COMMON_BLOCKS = YES;
				GCC_OPTIMIZATION_LEVEL = 0;
				GCC_PREPROCESSOR_DEFINITIONS = (
					"DEBUG=1",
					"$(inherited)",
				);
				GCC_WARN_64_TO_32_BIT_CONVERSION = YES;
				GCC_WARN_ABOUT_RETURN_TYPE = YES_ERROR;
				GCC_WARN_UNDECLARED_SELECTOR = YES;
				GCC_WARN_UNINITIALIZED_AUTOS = YES_AGGRESSIVE;
				GCC_WARN_UNUSED_FUNCTION = YES;
				GCC_WARN_UNUSED_VARIABLE = YES;
				IPHONEOS_DEPLOYMENT_TARGET = 11.1;
				MTL_ENABLE_DEBUG_INFO = YES;
				ONLY_ACTIVE_ARCH = YES;
				SDKROOT = iphoneos;
				SWIFT_ACTIVE_COMPILATION_CONDITIONS = DEBUG;
				SWIFT_OPTIMIZATION_LEVEL = "-Onone";
			};
			name = Debug;
		};
		033604B71FAAA98E00A0E500 /* Release */ = {
			isa = XCBuildConfiguration;
			buildSettings = {
				ALWAYS_SEARCH_USER_PATHS = NO;
				CLANG_ANALYZER_NONNULL = YES;
				CLANG_ANALYZER_NUMBER_OBJECT_CONVERSION = YES_AGGRESSIVE;
				CLANG_CXX_LANGUAGE_STANDARD = "gnu++14";
				CLANG_CXX_LIBRARY = "libc++";
				CLANG_ENABLE_MODULES = YES;
				CLANG_ENABLE_OBJC_ARC = YES;
				CLANG_WARN_BLOCK_CAPTURE_AUTORELEASING = YES;
				CLANG_WARN_BOOL_CONVERSION = YES;
				CLANG_WARN_COMMA = YES;
				CLANG_WARN_CONSTANT_CONVERSION = YES;
				CLANG_WARN_DIRECT_OBJC_ISA_USAGE = YES_ERROR;
				CLANG_WARN_DOCUMENTATION_COMMENTS = YES;
				CLANG_WARN_EMPTY_BODY = YES;
				CLANG_WARN_ENUM_CONVERSION = YES;
				CLANG_WARN_INFINITE_RECURSION = YES;
				CLANG_WARN_INT_CONVERSION = YES;
				CLANG_WARN_NON_LITERAL_NULL_CONVERSION = YES;
				CLANG_WARN_OBJC_LITERAL_CONVERSION = YES;
				CLANG_WARN_OBJC_ROOT_CLASS = YES_ERROR;
				CLANG_WARN_RANGE_LOOP_ANALYSIS = YES;
				CLANG_WARN_STRICT_PROTOTYPES = YES;
				CLANG_WARN_SUSPICIOUS_MOVE = YES;
				CLANG_WARN_UNGUARDED_AVAILABILITY = YES_AGGRESSIVE;
				CLANG_WARN_UNREACHABLE_CODE = YES;
				CLANG_WARN__DUPLICATE_METHOD_MATCH = YES;
				CODE_SIGN_IDENTITY = "iPhone Developer";
				COPY_PHASE_STRIP = NO;
				DEBUG_INFORMATION_FORMAT = "dwarf-with-dsym";
				ENABLE_NS_ASSERTIONS = NO;
				ENABLE_STRICT_OBJC_MSGSEND = YES;
				GCC_C_LANGUAGE_STANDARD = gnu11;
				GCC_NO_COMMON_BLOCKS = YES;
				GCC_WARN_64_TO_32_BIT_CONVERSION = YES;
				GCC_WARN_ABOUT_RETURN_TYPE = YES_ERROR;
				GCC_WARN_UNDECLARED_SELECTOR = YES;
				GCC_WARN_UNINITIALIZED_AUTOS = YES_AGGRESSIVE;
				GCC_WARN_UNUSED_FUNCTION = YES;
				GCC_WARN_UNUSED_VARIABLE = YES;
				IPHONEOS_DEPLOYMENT_TARGET = 11.1;
				MTL_ENABLE_DEBUG_INFO = NO;
				SDKROOT = iphoneos;
				SWIFT_OPTIMIZATION_LEVEL = "-Owholemodule";
				VALIDATE_PRODUCT = YES;
			};
			name = Release;
		};
		033604B91FAAA98E00A0E500 /* Debug */ = {
			isa = XCBuildConfiguration;
			baseConfigurationReference = 1AF6BD00CD80F2491A374D39 /* Pods-AvenueForTheArts.debug.xcconfig */;
			buildSettings = {
				ASSETCATALOG_COMPILER_APPICON_NAME = AppIcon;
				CODE_SIGN_STYLE = Automatic;
				DEVELOPMENT_TEAM = 8DJ5Z435D4;
				INFOPLIST_FILE = AvenueForTheArts/Info.plist;
				IPHONEOS_DEPLOYMENT_TARGET = 10.0;
				LD_RUNPATH_SEARCH_PATHS = "$(inherited) @executable_path/Frameworks";
				PRODUCT_BUNDLE_IDENTIFIER = com.dwellingplacegr.avenueforthearts;
				PRODUCT_NAME = "$(TARGET_NAME)";
				SWIFT_VERSION = 4.0;
				TARGETED_DEVICE_FAMILY = "1,2";
			};
			name = Debug;
		};
		033604BA1FAAA98E00A0E500 /* Release */ = {
			isa = XCBuildConfiguration;
			baseConfigurationReference = A6C29C289B14623C6EC12C3F /* Pods-AvenueForTheArts.release.xcconfig */;
			buildSettings = {
				ASSETCATALOG_COMPILER_APPICON_NAME = AppIcon;
				CODE_SIGN_STYLE = Automatic;
				DEVELOPMENT_TEAM = 8DJ5Z435D4;
				INFOPLIST_FILE = AvenueForTheArts/Info.plist;
				IPHONEOS_DEPLOYMENT_TARGET = 10.0;
				LD_RUNPATH_SEARCH_PATHS = "$(inherited) @executable_path/Frameworks";
				PRODUCT_BUNDLE_IDENTIFIER = com.dwellingplacegr.avenueforthearts;
				PRODUCT_NAME = "$(TARGET_NAME)";
				SWIFT_VERSION = 4.0;
				TARGETED_DEVICE_FAMILY = "1,2";
			};
			name = Release;
		};
/* End XCBuildConfiguration section */

/* Begin XCConfigurationList section */
		033604A11FAAA98E00A0E500 /* Build configuration list for PBXProject "AvenueForTheArts" */ = {
			isa = XCConfigurationList;
			buildConfigurations = (
				033604B61FAAA98E00A0E500 /* Debug */,
				033604B71FAAA98E00A0E500 /* Release */,
			);
			defaultConfigurationIsVisible = 0;
			defaultConfigurationName = Release;
		};
		033604B81FAAA98E00A0E500 /* Build configuration list for PBXNativeTarget "AvenueForTheArts" */ = {
			isa = XCConfigurationList;
			buildConfigurations = (
				033604B91FAAA98E00A0E500 /* Debug */,
				033604BA1FAAA98E00A0E500 /* Release */,
			);
			defaultConfigurationIsVisible = 0;
			defaultConfigurationName = Release;
		};
/* End XCConfigurationList section */
	};
	rootObject = 0336049E1FAAA98E00A0E500 /* Project object */;
}
